// !$*UTF8*$!
{
	archiveVersion = 1;
	classes = {
	};
	objectVersion = 77;
	objects = {

/* Begin PBXContainerItemProxy section */
		A389F8BF2D1304650099357E /* PBXContainerItemProxy */ = {
			isa = PBXContainerItemProxy;
			containerPortal = A389F8A02D1304620099357E /* Project object */;
			proxyType = 1;
			remoteGlobalIDString = A389F8A72D1304630099357E;
			remoteInfo = ImageSearcher;
		};
		A389F8C92D1304650099357E /* PBXContainerItemProxy */ = {
			isa = PBXContainerItemProxy;
			containerPortal = A389F8A02D1304620099357E /* Project object */;
			proxyType = 1;
			remoteGlobalIDString = A389F8A72D1304630099357E;
			remoteInfo = ImageSearcher;
		};
/* End PBXContainerItemProxy section */

/* Begin PBXFileReference section */
		A389F8A82D1304630099357E /* ImageSearcher.app */ = {isa = PBXFileReference; explicitFileType = wrapper.application; includeInIndex = 0; path = ImageSearcher.app; sourceTree = BUILT_PRODUCTS_DIR; };
		A389F8BE2D1304650099357E /* ImageSearcherTests.xctest */ = {isa = PBXFileReference; explicitFileType = wrapper.cfbundle; includeInIndex = 0; path = ImageSearcherTests.xctest; sourceTree = BUILT_PRODUCTS_DIR; };
		A389F8C82D1304650099357E /* ImageSearcherUITests.xctest */ = {isa = PBXFileReference; explicitFileType = wrapper.cfbundle; includeInIndex = 0; path = ImageSearcherUITests.xctest; sourceTree = BUILT_PRODUCTS_DIR; };
/* End PBXFileReference section */

/* Begin PBXFileSystemSynchronizedBuildFileExceptionSet section */
		A389F8D02D1304650099357E /* Exceptions for "ImageSearcher" folder in "ImageSearcher" target */ = {
			isa = PBXFileSystemSynchronizedBuildFileExceptionSet;
			membershipExceptions = (
				Info.plist,
			);
			target = A389F8A72D1304630099357E /* ImageSearcher */;
		};
/* End PBXFileSystemSynchronizedBuildFileExceptionSet section */

/* Begin PBXFileSystemSynchronizedRootGroup section */
		A389F8AA2D1304630099357E /* ImageSearcher */ = {
			isa = PBXFileSystemSynchronizedRootGroup;
			exceptions = (
				A389F8D02D1304650099357E /* Exceptions for "ImageSearcher" folder in "ImageSearcher" target */,
			);
			path = ImageSearcher;
			sourceTree = "<group>";
		};
		A389F8C12D1304650099357E /* ImageSearcherTests */ = {
			isa = PBXFileSystemSynchronizedRootGroup;
			path = ImageSearcherTests;
			sourceTree = "<group>";
		};
		A389F8CB2D1304650099357E /* ImageSearcherUITests */ = {
			isa = PBXFileSystemSynchronizedRootGroup;
			path = ImageSearcherUITests;
			sourceTree = "<group>";
		};
/* End PBXFileSystemSynchronizedRootGroup section */

/* Begin PBXFrameworksBuildPhase section */
		A389F8A52D1304630099357E /* Frameworks */ = {
			isa = PBXFrameworksBuildPhase;
			buildActionMask = 2147483647;
			files = (
			);
			runOnlyForDeploymentPostprocessing = 0;
		};
		A389F8BB2D1304650099357E /* Frameworks */ = {
			isa = PBXFrameworksBuildPhase;
			buildActionMask = 2147483647;
			files = (
			);
			runOnlyForDeploymentPostprocessing = 0;
		};
		A389F8C52D1304650099357E /* Frameworks */ = {
			isa = PBXFrameworksBuildPhase;
			buildActionMask = 2147483647;
			files = (
			);
			runOnlyForDeploymentPostprocessing = 0;
		};
/* End PBXFrameworksBuildPhase section */

/* Begin PBXGroup section */
		A389F89F2D1304620099357E = {
			isa = PBXGroup;
			children = (
				A389F8AA2D1304630099357E /* ImageSearcher */,
				A389F8C12D1304650099357E /* ImageSearcherTests */,
				A389F8CB2D1304650099357E /* ImageSearcherUITests */,
				A389F8A92D1304630099357E /* Products */,
			);
			sourceTree = "<group>";
		};
		A389F8A92D1304630099357E /* Products */ = {
			isa = PBXGroup;
			children = (
				A389F8A82D1304630099357E /* ImageSearcher.app */,
				A389F8BE2D1304650099357E /* ImageSearcherTests.xctest */,
				A389F8C82D1304650099357E /* ImageSearcherUITests.xctest */,
			);
			name = Products;
			sourceTree = "<group>";
		};
/* End PBXGroup section */

/* Begin PBXNativeTarget section */
		A389F8A72D1304630099357E /* ImageSearcher */ = {
			isa = PBXNativeTarget;
			buildConfigurationList = A389F8D12D1304650099357E /* Build configuration list for PBXNativeTarget "ImageSearcher" */;
			buildPhases = (
				A389F8A42D1304630099357E /* Sources */,
				A389F8A52D1304630099357E /* Frameworks */,
				A389F8A62D1304630099357E /* Resources */,
			);
			buildRules = (
			);
			dependencies = (
			);
			fileSystemSynchronizedGroups = (
				A389F8AA2D1304630099357E /* ImageSearcher */,
			);
			name = ImageSearcher;
			packageProductDependencies = (
			);
			productName = ImageSearcher;
			productReference = A389F8A82D1304630099357E /* ImageSearcher.app */;
			productType = "com.apple.product-type.application";
		};
		A389F8BD2D1304650099357E /* ImageSearcherTests */ = {
			isa = PBXNativeTarget;
			buildConfigurationList = A389F8D62D1304650099357E /* Build configuration list for PBXNativeTarget "ImageSearcherTests" */;
			buildPhases = (
				A389F8BA2D1304650099357E /* Sources */,
				A389F8BB2D1304650099357E /* Frameworks */,
				A389F8BC2D1304650099357E /* Resources */,
			);
			buildRules = (
			);
			dependencies = (
				A389F8C02D1304650099357E /* PBXTargetDependency */,
			);
			fileSystemSynchronizedGroups = (
				A389F8C12D1304650099357E /* ImageSearcherTests */,
			);
			name = ImageSearcherTests;
			packageProductDependencies = (
			);
			productName = ImageSearcherTests;
			productReference = A389F8BE2D1304650099357E /* ImageSearcherTests.xctest */;
			productType = "com.apple.product-type.bundle.unit-test";
		};
		A389F8C72D1304650099357E /* ImageSearcherUITests */ = {
			isa = PBXNativeTarget;
			buildConfigurationList = A389F8D92D1304650099357E /* Build configuration list for PBXNativeTarget "ImageSearcherUITests" */;
			buildPhases = (
				A389F8C42D1304650099357E /* Sources */,
				A389F8C52D1304650099357E /* Frameworks */,
				A389F8C62D1304650099357E /* Resources */,
			);
			buildRules = (
			);
			dependencies = (
				A389F8CA2D1304650099357E /* PBXTargetDependency */,
			);
			fileSystemSynchronizedGroups = (
				A389F8CB2D1304650099357E /* ImageSearcherUITests */,
			);
			name = ImageSearcherUITests;
			packageProductDependencies = (
			);
			productName = ImageSearcherUITests;
			productReference = A389F8C82D1304650099357E /* ImageSearcherUITests.xctest */;
			productType = "com.apple.product-type.bundle.ui-testing";
		};
/* End PBXNativeTarget section */

/* Begin PBXProject section */
		A389F8A02D1304620099357E /* Project object */ = {
			isa = PBXProject;
			attributes = {
				BuildIndependentTargetsInParallel = 1;
				LastSwiftUpdateCheck = 1600;
				LastUpgradeCheck = 1600;
				TargetAttributes = {
					A389F8A72D1304630099357E = {
						CreatedOnToolsVersion = 16.0;
					};
					A389F8BD2D1304650099357E = {
						CreatedOnToolsVersion = 16.0;
						TestTargetID = A389F8A72D1304630099357E;
					};
					A389F8C72D1304650099357E = {
						CreatedOnToolsVersion = 16.0;
						TestTargetID = A389F8A72D1304630099357E;
					};
				};
			};
			buildConfigurationList = A389F8A32D1304620099357E /* Build configuration list for PBXProject "ImageSearcher" */;
			developmentRegion = en;
			hasScannedForEncodings = 0;
			knownRegions = (
				en,
				Base,
			);
			mainGroup = A389F89F2D1304620099357E;
			minimizedProjectReferenceProxies = 1;
			preferredProjectObjectVersion = 77;
			productRefGroup = A389F8A92D1304630099357E /* Products */;
			projectDirPath = "";
			projectRoot = "";
			targets = (
				A389F8A72D1304630099357E /* ImageSearcher */,
				A389F8BD2D1304650099357E /* ImageSearcherTests */,
				A389F8C72D1304650099357E /* ImageSearcherUITests */,
			);
		};
/* End PBXProject section */

/* Begin PBXResourcesBuildPhase section */
		A389F8A62D1304630099357E /* Resources */ = {
			isa = PBXResourcesBuildPhase;
			buildActionMask = 2147483647;
			files = (
			);
			runOnlyForDeploymentPostprocessing = 0;
		};
		A389F8BC2D1304650099357E /* Resources */ = {
			isa = PBXResourcesBuildPhase;
			buildActionMask = 2147483647;
			files = (
			);
			runOnlyForDeploymentPostprocessing = 0;
		};
		A389F8C62D1304650099357E /* Resources */ = {
			isa = PBXResourcesBuildPhase;
			buildActionMask = 2147483647;
			files = (
			);
			runOnlyForDeploymentPostprocessing = 0;
		};
/* End PBXResourcesBuildPhase section */

/* Begin PBXSourcesBuildPhase section */
		A389F8A42D1304630099357E /* Sources */ = {
			isa = PBXSourcesBuildPhase;
			buildActionMask = 2147483647;
			files = (
			);
			runOnlyForDeploymentPostprocessing = 0;
		};
		A389F8BA2D1304650099357E /* Sources */ = {
			isa = PBXSourcesBuildPhase;
			buildActionMask = 2147483647;
			files = (
			);
			runOnlyForDeploymentPostprocessing = 0;
		};
		A389F8C42D1304650099357E /* Sources */ = {
			isa = PBXSourcesBuildPhase;
			buildActionMask = 2147483647;
			files = (
			);
			runOnlyForDeploymentPostprocessing = 0;
		};
/* End PBXSourcesBuildPhase section */

/* Begin PBXTargetDependency section */
		A389F8C02D1304650099357E /* PBXTargetDependency */ = {
			isa = PBXTargetDependency;
			target = A389F8A72D1304630099357E /* ImageSearcher */;
			targetProxy = A389F8BF2D1304650099357E /* PBXContainerItemProxy */;
		};
		A389F8CA2D1304650099357E /* PBXTargetDependency */ = {
			isa = PBXTargetDependency;
			target = A389F8A72D1304630099357E /* ImageSearcher */;
			targetProxy = A389F8C92D1304650099357E /* PBXContainerItemProxy */;
		};
/* End PBXTargetDependency section */

/* Begin XCBuildConfiguration section */
		A389F8D22D1304650099357E /* Debug */ = {
			isa = XCBuildConfiguration;
			buildSettings = {
				ASSETCATALOG_COMPILER_APPICON_NAME = AppIcon;
				ASSETCATALOG_COMPILER_GLOBAL_ACCENT_COLOR_NAME = AccentColor;
				CODE_SIGN_STYLE = Automatic;
				CURRENT_PROJECT_VERSION = 1;
				DEVELOPMENT_TEAM = C5D3B5W8XT;
				GENERATE_INFOPLIST_FILE = YES;
				INFOPLIST_FILE = ImageSearcher/Info.plist;
				INFOPLIST_KEY_UIApplicationSupportsIndirectInputEvents = YES;
				INFOPLIST_KEY_UILaunchStoryboardName = LaunchScreen;
				INFOPLIST_KEY_UIMainStoryboardFile = Main;
				INFOPLIST_KEY_UISupportedInterfaceOrientations_iPad = "UIInterfaceOrientationPortrait UIInterfaceOrientationPortraitUpsideDown UIInterfaceOrientationLandscapeLeft UIInterfaceOrientationLandscapeRight";
				INFOPLIST_KEY_UISupportedInterfaceOrientations_iPhone = "UIInterfaceOrientationPortrait UIInterfaceOrientationLandscapeLeft UIInterfaceOrientationLandscapeRight";
				LD_RUNPATH_SEARCH_PATHS = (
					"$(inherited)",
					"@executable_path/Frameworks",
				);
				MARKETING_VERSION = 1.0;
				PRODUCT_BUNDLE_IDENTIFIER = com.themotka.ImageSearcher;
				PRODUCT_NAME = "$(TARGET_NAME)";
				SWIFT_EMIT_LOC_STRINGS = YES;
				SWIFT_VERSION = 5.0;
				TARGETED_DEVICE_FAMILY = "1,2";
			};
			name = Debug;
		};
		A389F8D32D1304650099357E /* Release */ = {
			isa = XCBuildConfiguration;
			buildSettings = {
				ASSETCATALOG_COMPILER_APPICON_NAME = AppIcon;
				ASSETCATALOG_COMPILER_GLOBAL_ACCENT_COLOR_NAME = AccentColor;
				CODE_SIGN_STYLE = Automatic;
				CURRENT_PROJECT_VERSION = 1;
				DEVELOPMENT_TEAM = C5D3B5W8XT;
				GENERATE_INFOPLIST_FILE = YES;
				INFOPLIST_FILE = ImageSearcher/Info.plist;
				INFOPLIST_KEY_UIApplicationSupportsIndirectInputEvents = YES;
				INFOPLIST_KEY_UILaunchStoryboardName = LaunchScreen;
				INFOPLIST_KEY_UIMainStoryboardFile = Main;
				INFOPLIST_KEY_UISupportedInterfaceOrientations_iPad = "UIInterfaceOrientationPortrait UIInterfaceOrientationPortraitUpsideDown UIInterfaceOrientationLandscapeLeft UIInterfaceOrientationLandscapeRight";
				INFOPLIST_KEY_UISupportedInterfaceOrientations_iPhone = "UIInterfaceOrientationPortrait UIInterfaceOrientationLandscapeLeft UIInterfaceOrientationLandscapeRight";
				LD_RUNPATH_SEARCH_PATHS = (
					"$(inherited)",
					"@executable_path/Frameworks",
				);
				MARKETING_VERSION = 1.0;
				PRODUCT_BUNDLE_IDENTIFIER = com.themotka.ImageSearcher;
				PRODUCT_NAME = "$(TARGET_NAME)";
				SWIFT_EMIT_LOC_STRINGS = YES;
				SWIFT_VERSION = 5.0;
				TARGETED_DEVICE_FAMILY = "1,2";
			};
			name = Release;
		};
		A389F8D42D1304650099357E /* Debug */ = {
			isa = XCBuildConfiguration;
			buildSettings = {
				ALWAYS_SEARCH_USER_PATHS = NO;
				ASSETCATALOG_COMPILER_GENERATE_SWIFT_ASSET_SYMBOL_EXTENSIONS = YES;
				CLANG_ANALYZER_NONNULL = YES;
				CLANG_ANALYZER_NUMBER_OBJECT_CONVERSION = YES_AGGRESSIVE;
				CLANG_CXX_LANGUAGE_STANDARD = "gnu++20";
				CLANG_ENABLE_MODULES = YES;
				CLANG_ENABLE_OBJC_ARC = YES;
				CLANG_ENABLE_OBJC_WEAK = YES;
				CLANG_WARN_BLOCK_CAPTURE_AUTORELEASING = YES;
				CLANG_WARN_BOOL_CONVERSION = YES;
				CLANG_WARN_COMMA = YES;
				CLANG_WARN_CONSTANT_CONVERSION = YES;
				CLANG_WARN_DEPRECATED_OBJC_IMPLEMENTATIONS = YES;
				CLANG_WARN_DIRECT_OBJC_ISA_USAGE = YES_ERROR;
				CLANG_WARN_DOCUMENTATION_COMMENTS = YES;
				CLANG_WARN_EMPTY_BODY = YES;
				CLANG_WARN_ENUM_CONVERSION = YES;
				CLANG_WARN_INFINITE_RECURSION = YES;
				CLANG_WARN_INT_CONVERSION = YES;
				CLANG_WARN_NON_LITERAL_NULL_CONVERSION = YES;
				CLANG_WARN_OBJC_IMPLICIT_RETAIN_SELF = YES;
				CLANG_WARN_OBJC_LITERAL_CONVERSION = YES;
				CLANG_WARN_OBJC_ROOT_CLASS = YES_ERROR;
				CLANG_WARN_QUOTED_INCLUDE_IN_FRAMEWORK_HEADER = YES;
				CLANG_WARN_RANGE_LOOP_ANALYSIS = YES;
				CLANG_WARN_STRICT_PROTOTYPES = YES;
				CLANG_WARN_SUSPICIOUS_MOVE = YES;
				CLANG_WARN_UNGUARDED_AVAILABILITY = YES_AGGRESSIVE;
				CLANG_WARN_UNREACHABLE_CODE = YES;
				CLANG_WARN__DUPLICATE_METHOD_MATCH = YES;
				COPY_PHASE_STRIP = NO;
				DEBUG_INFORMATION_FORMAT = dwarf;
				ENABLE_STRICT_OBJC_MSGSEND = YES;
				ENABLE_TESTABILITY = YES;
				ENABLE_USER_SCRIPT_SANDBOXING = YES;
				GCC_C_LANGUAGE_STANDARD = gnu17;
				GCC_DYNAMIC_NO_PIC = NO;
				GCC_NO_COMMON_BLOCKS = YES;
				GCC_OPTIMIZATION_LEVEL = 0;
				GCC_PREPROCESSOR_DEFINITIONS = (
					"DEBUG=1",
					"$(inherited)",
				);
				GCC_WARN_64_TO_32_BIT_CONVERSION = YES;
				GCC_WARN_ABOUT_RETURN_TYPE = YES_ERROR;
				GCC_WARN_UNDECLARED_SELECTOR = YES;
				GCC_WARN_UNINITIALIZED_AUTOS = YES_AGGRESSIVE;
				GCC_WARN_UNUSED_FUNCTION = YES;
				GCC_WARN_UNUSED_VARIABLE = YES;
				IPHONEOS_DEPLOYMENT_TARGET = 18.0;
				LOCALIZATION_PREFERS_STRING_CATALOGS = YES;
				MTL_ENABLE_DEBUG_INFO = INCLUDE_SOURCE;
				MTL_FAST_MATH = YES;
				ONLY_ACTIVE_ARCH = YES;
				SDKROOT = iphoneos;
				SWIFT_ACTIVE_COMPILATION_CONDITIONS = "DEBUG $(inherited)";
				SWIFT_OPTIMIZATION_LEVEL = "-Onone";
			};
			name = Debug;
		};
		A389F8D52D1304650099357E /* Release */ = {
			isa = XCBuildConfiguration;
			buildSettings = {
				ALWAYS_SEARCH_USER_PATHS = NO;
				ASSETCATALOG_COMPILER_GENERATE_SWIFT_ASSET_SYMBOL_EXTENSIONS = YES;
				CLANG_ANALYZER_NONNULL = YES;
				CLANG_ANALYZER_NUMBER_OBJECT_CONVERSION = YES_AGGRESSIVE;
				CLANG_CXX_LANGUAGE_STANDARD = "gnu++20";
				CLANG_ENABLE_MODULES = YES;
				CLANG_ENABLE_OBJC_ARC = YES;
				CLANG_ENABLE_OBJC_WEAK = YES;
				CLANG_WARN_BLOCK_CAPTURE_AUTORELEASING = YES;
				CLANG_WARN_BOOL_CONVERSION = YES;
				CLANG_WARN_COMMA = YES;
				CLANG_WARN_CONSTANT_CONVERSION = YES;
				CLANG_WARN_DEPRECATED_OBJC_IMPLEMENTATIONS = YES;
				CLANG_WARN_DIRECT_OBJC_ISA_USAGE = YES_ERROR;
				CLANG_WARN_DOCUMENTATION_COMMENTS = YES;
				CLANG_WARN_EMPTY_BODY = YES;
				CLANG_WARN_ENUM_CONVERSION = YES;
				CLANG_WARN_INFINITE_RECURSION = YES;
				CLANG_WARN_INT_CONVERSION = YES;
				CLANG_WARN_NON_LITERAL_NULL_CONVERSION = YES;
				CLANG_WARN_OBJC_IMPLICIT_RETAIN_SELF = YES;
				CLANG_WARN_OBJC_LITERAL_CONVERSION = YES;
				CLANG_WARN_OBJC_ROOT_CLASS = YES_ERROR;
				CLANG_WARN_QUOTED_INCLUDE_IN_FRAMEWORK_HEADER = YES;
				CLANG_WARN_RANGE_LOOP_ANALYSIS = YES;
				CLANG_WARN_STRICT_PROTOTYPES = YES;
				CLANG_WARN_SUSPICIOUS_MOVE = YES;
				CLANG_WARN_UNGUARDED_AVAILABILITY = YES_AGGRESSIVE;
				CLANG_WARN_UNREACHABLE_CODE = YES;
				CLANG_WARN__DUPLICATE_METHOD_MATCH = YES;
				COPY_PHASE_STRIP = NO;
				DEBUG_INFORMATION_FORMAT = "dwarf-with-dsym";
				ENABLE_NS_ASSERTIONS = NO;
				ENABLE_STRICT_OBJC_MSGSEND = YES;
				ENABLE_USER_SCRIPT_SANDBOXING = YES;
				GCC_C_LANGUAGE_STANDARD = gnu17;
				GCC_NO_COMMON_BLOCKS = YES;
				GCC_WARN_64_TO_32_BIT_CONVERSION = YES;
				GCC_WARN_ABOUT_RETURN_TYPE = YES_ERROR;
				GCC_WARN_UNDECLARED_SELECTOR = YES;
				GCC_WARN_UNINITIALIZED_AUTOS = YES_AGGRESSIVE;
				GCC_WARN_UNUSED_FUNCTION = YES;
				GCC_WARN_UNUSED_VARIABLE = YES;
				IPHONEOS_DEPLOYMENT_TARGET = 18.0;
				LOCALIZATION_PREFERS_STRING_CATALOGS = YES;
				MTL_ENABLE_DEBUG_INFO = NO;
				MTL_FAST_MATH = YES;
				SDKROOT = iphoneos;
				SWIFT_COMPILATION_MODE = wholemodule;
				VALIDATE_PRODUCT = YES;
			};
			name = Release;
		};
		A389F8D72D1304650099357E /* Debug */ = {
			isa = XCBuildConfiguration;
			buildSettings = {
				BUNDLE_LOADER = "$(TEST_HOST)";
				CODE_SIGN_STYLE = Automatic;
				CURRENT_PROJECT_VERSION = 1;
				DEVELOPMENT_TEAM = C5D3B5W8XT;
				GENERATE_INFOPLIST_FILE = YES;
				IPHONEOS_DEPLOYMENT_TARGET = 18.0;
				MARKETING_VERSION = 1.0;
				PRODUCT_BUNDLE_IDENTIFIER = com.themotka.ImageSearcherTests;
				PRODUCT_NAME = "$(TARGET_NAME)";
				SWIFT_EMIT_LOC_STRINGS = NO;
				SWIFT_VERSION = 5.0;
				TARGETED_DEVICE_FAMILY = "1,2";
				TEST_HOST = "$(BUILT_PRODUCTS_DIR)/ImageSearcher.app/$(BUNDLE_EXECUTABLE_FOLDER_PATH)/ImageSearcher";
			};
			name = Debug;
		};
		A389F8D82D1304650099357E /* Release */ = {
			isa = XCBuildConfiguration;
			buildSettings = {
				BUNDLE_LOADER = "$(TEST_HOST)";
				CODE_SIGN_STYLE = Automatic;
				CURRENT_PROJECT_VERSION = 1;
				DEVELOPMENT_TEAM = C5D3B5W8XT;
				GENERATE_INFOPLIST_FILE = YES;
				IPHONEOS_DEPLOYMENT_TARGET = 18.0;
				MARKETING_VERSION = 1.0;
				PRODUCT_BUNDLE_IDENTIFIER = com.themotka.ImageSearcherTests;
				PRODUCT_NAME = "$(TARGET_NAME)";
				SWIFT_EMIT_LOC_STRINGS = NO;
				SWIFT_VERSION = 5.0;
				TARGETED_DEVICE_FAMILY = "1,2";
				TEST_HOST = "$(BUILT_PRODUCTS_DIR)/ImageSearcher.app/$(BUNDLE_EXECUTABLE_FOLDER_PATH)/ImageSearcher";
			};
			name = Release;
		};
		A389F8DA2D1304650099357E /* Debug */ = {
			isa = XCBuildConfiguration;
			buildSettings = {
				CODE_SIGN_STYLE = Automatic;
				CURRENT_PROJECT_VERSION = 1;
				DEVELOPMENT_TEAM = C5D3B5W8XT;
				GENERATE_INFOPLIST_FILE = YES;
				MARKETING_VERSION = 1.0;
				PRODUCT_BUNDLE_IDENTIFIER = com.themotka.ImageSearcherUITests;
				PRODUCT_NAME = "$(TARGET_NAME)";
				SWIFT_EMIT_LOC_STRINGS = NO;
				SWIFT_VERSION = 5.0;
				TARGETED_DEVICE_FAMILY = "1,2";
				TEST_TARGET_NAME = ImageSearcher;
			};
			name = Debug;
		};
		A389F8DB2D1304650099357E /* Release */ = {
			isa = XCBuildConfiguration;
			buildSettings = {
				CODE_SIGN_STYLE = Automatic;
				CURRENT_PROJECT_VERSION = 1;
				DEVELOPMENT_TEAM = C5D3B5W8XT;
				GENERATE_INFOPLIST_FILE = YES;
				MARKETING_VERSION = 1.0;
				PRODUCT_BUNDLE_IDENTIFIER = com.themotka.ImageSearcherUITests;
				PRODUCT_NAME = "$(TARGET_NAME)";
				SWIFT_EMIT_LOC_STRINGS = NO;
				SWIFT_VERSION = 5.0;
				TARGETED_DEVICE_FAMILY = "1,2";
				TEST_TARGET_NAME = ImageSearcher;
			};
			name = Release;
		};
/* End XCBuildConfiguration section */

/* Begin XCConfigurationList section */
		A389F8A32D1304620099357E /* Build configuration list for PBXProject "ImageSearcher" */ = {
			isa = XCConfigurationList;
			buildConfigurations = (
				A389F8D42D1304650099357E /* Debug */,
				A389F8D52D1304650099357E /* Release */,
			);
			defaultConfigurationIsVisible = 0;
			defaultConfigurationName = Release;
		};
		A389F8D12D1304650099357E /* Build configuration list for PBXNativeTarget "ImageSearcher" */ = {
			isa = XCConfigurationList;
			buildConfigurations = (
				A389F8D22D1304650099357E /* Debug */,
				A389F8D32D1304650099357E /* Release */,
			);
			defaultConfigurationIsVisible = 0;
			defaultConfigurationName = Release;
		};
		A389F8D62D1304650099357E /* Build configuration list for PBXNativeTarget "ImageSearcherTests" */ = {
			isa = XCConfigurationList;
			buildConfigurations = (
				A389F8D72D1304650099357E /* Debug */,
				A389F8D82D1304650099357E /* Release */,
			);
			defaultConfigurationIsVisible = 0;
			defaultConfigurationName = Release;
		};
		A389F8D92D1304650099357E /* Build configuration list for PBXNativeTarget "ImageSearcherUITests" */ = {
			isa = XCConfigurationList;
			buildConfigurations = (
				A389F8DA2D1304650099357E /* Debug */,
				A389F8DB2D1304650099357E /* Release */,
			);
			defaultConfigurationIsVisible = 0;
			defaultConfigurationName = Release;
		};
/* End XCConfigurationList section */
	};
	rootObject = A389F8A02D1304620099357E /* Project object */;
}
